# This file is automatically @generated by Cargo.
# It is not intended for manual editing.
version = 4

[[package]]
name = "anyhow"
version = "1.0.100"
source = "registry+https://github.com/rust-lang/crates.io-index"
checksum = "a23eb6b1614318a8071c9b2521f36b424b2c83db5eb3a0fead4a6c0809af6e61"

[[package]]
name = "autocfg"
version = "1.5.0"
source = "registry+https://github.com/rust-lang/crates.io-index"
checksum = "c08606f8c3cbf4ce6ec8e28fb0014a2c086708fe954eaa885384a6165172e7e8"

[[package]]
name = "bitflags"
version = "2.10.0"
source = "registry+https://github.com/rust-lang/crates.io-index"
checksum = "812e12b5285cc515a9c72a5c1d3b6d46a19dac5acfef5265968c166106e31dd3"

[[package]]
name = "block-buffer"
version = "0.10.4"
source = "registry+https://github.com/rust-lang/crates.io-index"
checksum = "3078c7629b62d3f0439517fa394996acacc5cbc91c5a20d8c658e77abd503a71"
dependencies = [
 "generic-array",
]

[[package]]
name = "byteorder"
version = "1.5.0"
source = "registry+https://github.com/rust-lang/crates.io-index"
checksum = "1fd0f2584146f6f2ef48085050886acf353beff7305ebd1ae69500e27c67f64b"

[[package]]
name = "ciborium-io"
version = "0.2.2"
source = "registry+https://github.com/rust-lang/crates.io-index"
checksum = "05afea1e0a06c9be33d539b876f1ce3692f4afea2cb41f740e7743225ed1c757"

[[package]]
name = "coap-handler"
version = "0.2.1"
source = "registry+https://github.com/rust-lang/crates.io-index"
checksum = "503c04616163d1b4912e3e780d60d1defbe483e62e953dd9ebe74a3644ab4b96"
dependencies = [
 "coap-message",
 "coap-numbers",
]

[[package]]
name = "coap-handler-implementations"
version = "0.5.4"
source = "registry+https://github.com/rust-lang/crates.io-index"
checksum = "53e0f008d2fa87c1e20bb686e7d09c7567851dcfef0d323e94e92c685132f781"
dependencies = [
 "ciborium-io",
 "coap-handler",
 "coap-message",
 "coap-message-utils",
 "coap-numbers",
 "crc",
 "document-features",
 "embedded-io",
 "minicbor 0.19.1",
 "minicbor 0.24.4",
 "minicbor 0.26.5",
 "minicbor 1.1.0",
 "serde",
 "serde_cbor",
 "windowed-infinity",
]

[[package]]
name = "coap-message"
version = "0.3.6"
source = "registry+https://github.com/rust-lang/crates.io-index"
checksum = "185d26bfc9862ae17a065d361725e2301072125cb7200836d4b795285fded1f7"
dependencies = [
 "num-traits",
]

[[package]]
name = "coap-message-implementations"
version = "0.1.10"
source = "registry+https://github.com/rust-lang/crates.io-index"
checksum = "05d3a60b3b05ac004a1b7f3555a7b612082c6a7661461ae7fa4ce8a360d79028"
dependencies = [
 "coap-message",
 "coap-message-utils",
 "coap-numbers",
 "document-features",
 "heapless",
 "thiserror",
]

[[package]]
name = "coap-message-utils"
version = "0.3.9"
source = "registry+https://github.com/rust-lang/crates.io-index"
checksum = "6e6b17f1db1e77a315a5c15d420f667e178f45ba17d2f4465c269343a71e58b7"
dependencies = [
 "coap-message",
 "coap-numbers",
 "document-features",
 "minicbor 2.1.1",
]

[[package]]
name = "coap-numbers"
version = "0.2.7"
source = "registry+https://github.com/rust-lang/crates.io-index"
checksum = "62940de3d016deb4c2e8bf5062435d69eba7f2c64b35537de4c56586db52231c"

[[package]]
name = "coap-server-component"
version = "0.1.0"
dependencies = [
 "coap-handler",
 "coap-handler-implementations",
 "coap-message",
 "coap-message-implementations",
 "coap-message-utils",
 "coap-numbers",
 "talc",
 "wit-bindgen",
]

[[package]]
name = "crc"
version = "3.3.0"
source = "registry+https://github.com/rust-lang/crates.io-index"
checksum = "9710d3b3739c2e349eb44fe848ad0b7c8cb1e42bd87ee49371df2f7acaf3e675"
dependencies = [
 "crc-catalog",
]

[[package]]
name = "crc-catalog"
version = "2.4.0"
source = "registry+https://github.com/rust-lang/crates.io-index"
checksum = "19d374276b40fb8bbdee95aef7c7fa6b5316ec764510eb64b8dd0e2ed0d7e7f5"

[[package]]
name = "crypto-common"
version = "0.1.6"
source = "registry+https://github.com/rust-lang/crates.io-index"
checksum = "1bfb12502f3fc46cca1bb51ac28df9d618d813cdc3d2f25b9fe775a34af26bb3"
dependencies = [
 "generic-array",
 "typenum",
]

[[package]]
name = "digest"
version = "0.10.7"
source = "registry+https://github.com/rust-lang/crates.io-index"
checksum = "9ed9a281f7bc9b7576e61468ba615a66a5c8cfdff42420a70aa82701a3b1e292"
dependencies = [
 "block-buffer",
 "crypto-common",
]

[[package]]
name = "document-features"
version = "0.2.12"
source = "registry+https://github.com/rust-lang/crates.io-index"
checksum = "d4b8a88685455ed29a21542a33abd9cb6510b6b129abadabdcef0f4c55bc8f61"
dependencies = [
 "litrs",
]

[[package]]
name = "embedded-io"
version = "0.4.0"
source = "registry+https://github.com/rust-lang/crates.io-index"
checksum = "ef1a6892d9eef45c8fa6b9e0086428a2cca8491aca8f787c534a3d6d0bcb3ced"

[[package]]
name = "equivalent"
version = "1.0.2"
source = "registry+https://github.com/rust-lang/crates.io-index"
checksum = "877a4ace8713b0bcf2a4e7eec82529c029f1d0619886d18145fea96c3ffe5c0f"

[[package]]
name = "foldhash"
version = "0.1.5"
source = "registry+https://github.com/rust-lang/crates.io-index"
checksum = "d9c4f5dac5e15c24eb999c26181a6ca40b39fe946cbe4c263c7209467bc83af2"

[[package]]
name = "generic-array"
version = "0.14.9"
source = "registry+https://github.com/rust-lang/crates.io-index"
checksum = "4bb6743198531e02858aeaea5398fcc883e71851fcbcb5a2f773e2fb6cb1edf2"
dependencies = [
 "typenum",
 "version_check",
]

[[package]]
name = "half"
version = "1.8.3"
source = "registry+https://github.com/rust-lang/crates.io-index"
checksum = "1b43ede17f21864e81be2fa654110bf1e793774238d86ef8555c37e6519c0403"

[[package]]
name = "hash32"
version = "0.3.1"
source = "registry+https://github.com/rust-lang/crates.io-index"
checksum = "47d60b12902ba28e2730cd37e95b8c9223af2808df9e902d4df49588d1470606"
dependencies = [
 "byteorder",
]

[[package]]
name = "hashbrown"
version = "0.15.5"
source = "registry+https://github.com/rust-lang/crates.io-index"
checksum = "9229cfe53dfd69f0609a49f65461bd93001ea1ef889cd5529dd176593f5338a1"
dependencies = [
 "foldhash",
]

[[package]]
name = "hashbrown"
version = "0.16.0"
source = "registry+https://github.com/rust-lang/crates.io-index"
checksum = "5419bdc4f6a9207fbeba6d11b604d481addf78ecd10c11ad51e76c2f6482748d"

[[package]]
name = "heapless"
version = "0.9.1"
source = "registry+https://github.com/rust-lang/crates.io-index"
checksum = "b1edcd5a338e64688fbdcb7531a846cfd3476a54784dcb918a0844682bc7ada5"
dependencies = [
 "hash32",
 "stable_deref_trait",
]

[[package]]
name = "heck"
version = "0.5.0"
source = "registry+https://github.com/rust-lang/crates.io-index"
checksum = "2304e00983f87ffb38b55b444b5e3b60a884b5d30c0fca7d82fe33449bbe55ea"

[[package]]
name = "id-arena"
version = "2.2.1"
source = "registry+https://github.com/rust-lang/crates.io-index"
checksum = "25a2bc672d1148e28034f176e01fffebb08b35768468cc954630da77a1449005"

[[package]]
name = "indexmap"
version = "2.12.0"
source = "registry+https://github.com/rust-lang/crates.io-index"
checksum = "6717a8d2a5a929a1a2eb43a12812498ed141a0bcfb7e8f7844fbdbe4303bba9f"
dependencies = [
 "equivalent",
 "hashbrown 0.16.0",
 "serde",
 "serde_core",
]

[[package]]
name = "itoa"
version = "1.0.15"
source = "registry+https://github.com/rust-lang/crates.io-index"
checksum = "4a5f13b858c8d314ee3e8f639011f7ccefe71f97f96e50151fb991f267928e2c"

[[package]]
name = "leb128fmt"
version = "0.1.0"
source = "registry+https://github.com/rust-lang/crates.io-index"
checksum = "09edd9e8b54e49e587e4f6295a7d29c3ea94d469cb40ab8ca70b288248a81db2"

[[package]]
name = "litrs"
version = "1.0.0"
source = "registry+https://github.com/rust-lang/crates.io-index"
checksum = "11d3d7f243d5c5a8b9bb5d6dd2b1602c0cb0b9db1621bafc7ed66e35ff9fe092"

[[package]]
name = "lock_api"
version = "0.4.14"
source = "registry+https://github.com/rust-lang/crates.io-index"
checksum = "224399e74b87b5f3557511d98dff8b14089b3dadafcab6bb93eab67d3aace965"
dependencies = [
 "scopeguard",
]

[[package]]
name = "log"
version = "0.4.28"
source = "registry+https://github.com/rust-lang/crates.io-index"
checksum = "34080505efa8e45a4b816c349525ebe327ceaa8559756f0356cba97ef3bf7432"

[[package]]
name = "memchr"
version = "2.7.6"
source = "registry+https://github.com/rust-lang/crates.io-index"
checksum = "f52b00d39961fc5b2736ea853c9cc86238e165017a493d1d5c8eac6bdc4cc273"

[[package]]
name = "minicbor"
version = "0.19.1"
source = "registry+https://github.com/rust-lang/crates.io-index"
checksum = "d7005aaf257a59ff4de471a9d5538ec868a21586534fff7f85dd97d4043a6139"

[[package]]
name = "minicbor"
version = "0.24.4"
source = "registry+https://github.com/rust-lang/crates.io-index"
checksum = "29be4f60e41fde478b36998b88821946aafac540e53591e76db53921a0cc225b"

[[package]]
name = "minicbor"
version = "0.26.5"
source = "registry+https://github.com/rust-lang/crates.io-index"
checksum = "8a309f581ade7597820083bc275075c4c6986e57e53f8d26f88507cfefc8c987"

[[package]]
name = "minicbor"
version = "1.1.0"
source = "registry+https://github.com/rust-lang/crates.io-index"
checksum = "734daad4ff3b880f23dc2a675dd74553fa8e583367aa7523f96a16e96a516b62"

[[package]]
name = "minicbor"
version = "2.1.1"
source = "registry+https://github.com/rust-lang/crates.io-index"
checksum = "4f182275033b808ede9427884caa8e05fa7db930801759524ca7925bd8aa7a82"

[[package]]
name = "num-traits"
version = "0.2.19"
source = "registry+https://github.com/rust-lang/crates.io-index"
checksum = "071dfc062690e90b734c0b2273ce72ad0ffa95f0c74596bc250dcfd960262841"
dependencies = [
 "autocfg",
]

[[package]]
name = "prettyplease"
version = "0.2.37"
source = "registry+https://github.com/rust-lang/crates.io-index"
checksum = "479ca8adacdd7ce8f1fb39ce9ecccbfe93a3f1344b3d0d97f20bc0196208f62b"
dependencies = [
 "proc-macro2",
 "syn",
]

[[package]]
name = "proc-macro2"
version = "1.0.103"
source = "registry+https://github.com/rust-lang/crates.io-index"
checksum = "5ee95bc4ef87b8d5ba32e8b7714ccc834865276eab0aed5c9958d00ec45f49e8"
dependencies = [
 "unicode-ident",
]

[[package]]
name = "quote"
version = "1.0.41"
source = "registry+https://github.com/rust-lang/crates.io-index"
checksum = "ce25767e7b499d1b604768e7cde645d14cc8584231ea6b295e9c9eb22c02e1d1"
dependencies = [
 "proc-macro2",
]

[[package]]
name = "ryu"
version = "1.0.20"
source = "registry+https://github.com/rust-lang/crates.io-index"
checksum = "28d3b2b1366ec20994f1fd18c3c594f05c5dd4bc44d8bb0c1c632c8d6829481f"

[[package]]
name = "scopeguard"
version = "1.2.0"
source = "registry+https://github.com/rust-lang/crates.io-index"
checksum = "94143f37725109f92c262ed2cf5e59bce7498c01bcc1502d7b9afe439a4e9f49"

[[package]]
name = "semver"
version = "1.0.27"
source = "registry+https://github.com/rust-lang/crates.io-index"
checksum = "d767eb0aabc880b29956c35734170f26ed551a859dbd361d140cdbeca61ab1e2"

[[package]]
name = "serde"
version = "1.0.228"
source = "registry+https://github.com/rust-lang/crates.io-index"
checksum = "9a8e94ea7f378bd32cbbd37198a4a91436180c5bb472411e48b5ec2e2124ae9e"
dependencies = [
 "serde_core",
 "serde_derive",
]

[[package]]
name = "serde_cbor"
version = "0.11.2"
source = "registry+https://github.com/rust-lang/crates.io-index"
checksum = "2bef2ebfde456fb76bbcf9f59315333decc4fda0b2b44b420243c11e0f5ec1f5"
dependencies = [
 "half",
 "serde",
]

[[package]]
name = "serde_core"
version = "1.0.228"
source = "registry+https://github.com/rust-lang/crates.io-index"
checksum = "41d385c7d4ca58e59fc732af25c3983b67ac852c1a25000afe1175de458b67ad"
dependencies = [
 "serde_derive",
]

[[package]]
name = "serde_derive"
version = "1.0.228"
source = "registry+https://github.com/rust-lang/crates.io-index"
checksum = "d540f220d3187173da220f885ab66608367b6574e925011a9353e4badda91d79"
dependencies = [
 "proc-macro2",
 "quote",
 "syn",
]

[[package]]
name = "serde_json"
version = "1.0.145"
source = "registry+https://github.com/rust-lang/crates.io-index"
checksum = "402a6f66d8c709116cf22f558eab210f5a50187f702eb4d7e5ef38d9a7f1c79c"
dependencies = [
 "itoa",
 "memchr",
 "ryu",
 "serde",
 "serde_core",
]

[[package]]
name = "stable_deref_trait"
version = "1.2.1"
source = "registry+https://github.com/rust-lang/crates.io-index"
checksum = "6ce2be8dc25455e1f91df71bfa12ad37d7af1092ae736f3a6cd0e37bc7810596"

[[package]]
name = "syn"
version = "2.0.108"
source = "registry+https://github.com/rust-lang/crates.io-index"
checksum = "da58917d35242480a05c2897064da0a80589a2a0476c9a3f2fdc83b53502e917"
dependencies = [
 "proc-macro2",
 "quote",
 "unicode-ident",
]

[[package]]
name = "talc"
version = "4.4.3"
source = "registry+https://github.com/rust-lang/crates.io-index"
checksum = "a3ae828aa394de34c7de08f522d1b86bd1c182c668d27da69caadda00590f26d"
dependencies = [
 "lock_api",
]

[[package]]
name = "thiserror"
version = "2.0.17"
source = "registry+https://github.com/rust-lang/crates.io-index"
checksum = "f63587ca0f12b72a0600bcba1d40081f830876000bb46dd2337a3051618f4fc8"
dependencies = [
 "thiserror-impl",
]

[[package]]
name = "thiserror-impl"
version = "2.0.17"
source = "registry+https://github.com/rust-lang/crates.io-index"
checksum = "3ff15c8ecd7de3849db632e14d18d2571fa09dfc5ed93479bc4485c7a517c913"
dependencies = [
 "proc-macro2",
 "quote",
 "syn",
]

[[package]]
name = "typenum"
version = "1.19.0"
source = "registry+https://github.com/rust-lang/crates.io-index"
checksum = "562d481066bde0658276a35467c4af00bdc6ee726305698a55b86e61d7ad82bb"

[[package]]
name = "unicode-ident"
version = "1.0.20"
source = "registry+https://github.com/rust-lang/crates.io-index"
checksum = "462eeb75aeb73aea900253ce739c8e18a67423fadf006037cd3ff27e82748a06"

[[package]]
name = "unicode-xid"
version = "0.2.6"
source = "registry+https://github.com/rust-lang/crates.io-index"
checksum = "ebc1c04c71510c7f702b52b7c350734c9ff1295c464a03335b00bb84fc54f853"

[[package]]
name = "version_check"
version = "0.9.5"
source = "registry+https://github.com/rust-lang/crates.io-index"
checksum = "0b928f33d975fc6ad9f86c8f283853ad26bdd5b10b7f1542aa2fa15e2289105a"

[[package]]
name = "wasm-encoder"
version = "0.240.0"
source = "registry+https://github.com/rust-lang/crates.io-index"
checksum = "06d642d8c5ecc083aafe9ceb32809276a304547a3a6eeecceb5d8152598bc71f"
dependencies = [
 "leb128fmt",
 "wasmparser",
]

[[package]]
name = "wasm-metadata"
version = "0.240.0"
source = "registry+https://github.com/rust-lang/crates.io-index"
checksum = "ee093e1e1ccffa005b9b778f7a10ccfd58e25a20eccad294a1a93168d076befb"
dependencies = [
 "anyhow",
 "indexmap",
 "wasm-encoder",
 "wasmparser",
]

[[package]]
name = "wasmparser"
version = "0.240.0"
source = "registry+https://github.com/rust-lang/crates.io-index"
checksum = "b722dcf61e0ea47440b53ff83ccb5df8efec57a69d150e4f24882e4eba7e24a4"
dependencies = [
 "bitflags",
 "hashbrown 0.15.5",
 "indexmap",
 "semver",
]

[[package]]
name = "windowed-infinity"
version = "0.1.9"
source = "registry+https://github.com/rust-lang/crates.io-index"
checksum = "9bdc544d26e98a685954dba0ba0c476e83b2ded8c46e99a8297adf67959a7395"
dependencies = [
 "ciborium-io",
 "crc",
 "digest",
 "embedded-io",
 "minicbor 0.19.1",
 "minicbor 0.24.4",
 "minicbor 0.26.5",
 "minicbor 1.1.0",
 "serde",
 "serde_cbor",
]

[[package]]
name = "wit-bindgen"
version = "0.47.0"
source = "registry+https://github.com/rust-lang/crates.io-index"
checksum = "a374235c3c0dff10537040b437073d09f1e38f13216b5f3cbc809c6226814e5c"
dependencies = [
 "wit-bindgen-rust-macro",
]

[[package]]
name = "wit-bindgen-core"
version = "0.47.0"
source = "registry+https://github.com/rust-lang/crates.io-index"
checksum = "cdf62e62178415a705bda25dc01c54ed65c0f956e4efd00ca89447a9a84f4881"
dependencies = [
 "anyhow",
 "heck",
 "wit-parser",
]

[[package]]
name = "wit-bindgen-rust"
version = "0.47.0"
source = "registry+https://github.com/rust-lang/crates.io-index"
checksum = "c6d585319871ca18805056f69ddec7541770fc855820f9944029cb2b75ea108f"
dependencies = [
 "anyhow",
 "heck",
 "indexmap",
 "prettyplease",
 "syn",
 "wasm-metadata",
 "wit-bindgen-core",
 "wit-component",
]

[[package]]
name = "wit-bindgen-rust-macro"
version = "0.47.0"
source = "registry+https://github.com/rust-lang/crates.io-index"
checksum = "bde589435d322e88b8f708f70e313f60dfb7975ac4e7c623fef6f1e5685d90e8"
dependencies = [
 "anyhow",
 "prettyplease",
 "proc-macro2",
 "quote",
 "syn",
 "wit-bindgen-core",
 "wit-bindgen-rust",
]

[[package]]
name = "wit-component"
version = "0.240.0"
source = "registry+https://github.com/rust-lang/crates.io-index"
checksum = "7dc5474b078addc5fe8a72736de8da3acfb3ff324c2491133f8b59594afa1a20"
dependencies = [
 "anyhow",
 "bitflags",
 "indexmap",
 "log",
 "serde",
 "serde_derive",
 "serde_json",
 "wasm-encoder",
 "wasm-metadata",
 "wasmparser",
 "wit-parser",
]

[[package]]
name = "wit-parser"
version = "0.240.0"
source = "registry+https://github.com/rust-lang/crates.io-index"
checksum = "9875ea3fa272f57cc1fc50f225a7b94021a7878c484b33792bccad0d93223439"
dependencies = [
 "anyhow",
 "id-arena",
 "indexmap",
 "log",
 "semver",
 "serde",
 "serde_derive",
 "serde_json",
 "unicode-xid",
 "wasmparser",
]

[[patch.unused]]
name = "embassy-embedded-hal"
version = "0.3.0"
source = "git+https://github.com/ariel-os/embassy?rev=21147bdceb85f55e375973f30e47c17036063689#21147bdceb85f55e375973f30e47c17036063689"

[[patch.unused]]
name = "embassy-executor"
version = "0.7.0"
source = "git+https://github.com/ariel-os/embassy?rev=b552a87578479a92b3027bd208c712445499589c#b552a87578479a92b3027bd208c712445499589c"

[[patch.unused]]
name = "embassy-executor-macros"
version = "0.6.2"
source = "git+https://github.com/ariel-os/embassy?rev=1b08496e441cfd2b2e9660fe0cc589c3bc5f0824#1b08496e441cfd2b2e9660fe0cc589c3bc5f0824"

[[patch.unused]]
name = "embassy-hal-internal"
version = "0.2.0"
source = "git+https://github.com/ariel-os/embassy?rev=ed7d22c1881b64f9bdd2e69a5777b002279033a6#ed7d22c1881b64f9bdd2e69a5777b002279033a6"

[[patch.unused]]
name = "embassy-net"
version = "0.6.0"
source = "git+https://github.com/ariel-os/embassy?rev=3d9f77ee05cdb18f1cd676233bcda9b6f7be3369#3d9f77ee05cdb18f1cd676233bcda9b6f7be3369"

[[patch.unused]]
name = "embassy-nrf"
version = "0.3.1"
source = "git+https://github.com/ariel-os/embassy?rev=1d258e63acc0a322ccea28786a4143115ba303b8#1d258e63acc0a322ccea28786a4143115ba303b8"

[[patch.unused]]
name = "embassy-rp"
version = "0.4.0"
source = "git+https://github.com/ariel-os/embassy?rev=1dd58227a73efa8da2aef96aaccf17b8749b9f7b#1dd58227a73efa8da2aef96aaccf17b8749b9f7b"

[[patch.unused]]
name = "embassy-stm32"
version = "0.2.0"
source = "git+https://github.com/ariel-os/embassy?rev=90c8da09646d5fd97b7d416720688dcd3da1ecfb#90c8da09646d5fd97b7d416720688dcd3da1ecfb"

[[patch.unused]]
name = "embassy-time"
version = "0.4.0"
source = "git+https://github.com/ariel-os/embassy?rev=f9b4c8132b07ef696668005846ee2240a8f57573#f9b4c8132b07ef696668005846ee2240a8f57573"

[[patch.unused]]
name = "embedded-test"
version = "0.6.2"
source = "git+https://github.com/ariel-os/embedded-test?rev=20642538eb4e6fa44b5f37723b07946c74b5c757#20642538eb4e6fa44b5f37723b07946c74b5c757"

[[patch.unused]]
name = "esp-alloc"
version = "0.6.0"
source = "git+https://github.com/ariel-os/esp-hal?rev=aa8d1995fc06eb5e6d04a2022ecf3679b4929e63#aa8d1995fc06eb5e6d04a2022ecf3679b4929e63"

[[patch.unused]]
name = "esp-hal"
version = "0.23.1"
source = "git+https://github.com/ariel-os/esp-hal?rev=aa8d1995fc06eb5e6d04a2022ecf3679b4929e63#aa8d1995fc06eb5e6d04a2022ecf3679b4929e63"

[[patch.unused]]
name = "esp-hal-embassy"
version = "0.6.0"
source = "git+https://github.com/ariel-os/esp-hal?rev=aa8d1995fc06eb5e6d04a2022ecf3679b4929e63#aa8d1995fc06eb5e6d04a2022ecf3679b4929e63"

[[patch.unused]]
name = "esp-println"
version = "0.13.0"
source = "git+https://github.com/ariel-os/esp-hal?rev=aa8d1995fc06eb5e6d04a2022ecf3679b4929e63#aa8d1995fc06eb5e6d04a2022ecf3679b4929e63"

[[patch.unused]]
name = "esp-wifi"
version = "0.12.0"
source = "git+https://github.com/ariel-os/esp-hal?rev=aa8d1995fc06eb5e6d04a2022ecf3679b4929e63#aa8d1995fc06eb5e6d04a2022ecf3679b4929e63"

[[patch.unused]]
name = "xtensa-lx-rt"
version = "0.18.0"
source = "git+https://github.com/ariel-os/esp-hal?rev=aa8d1995fc06eb5e6d04a2022ecf3679b4929e63#aa8d1995fc06eb5e6d04a2022ecf3679b4929e63"
